
Microsoft Visual Studio Solution File, Format Version 12.00
# Visual Studio 14
VisualStudioVersion = 14.0.25420.1
MinimumVisualStudioVersion = 10.0.40219.1
Project("{FAE04EC0-301F-11D3-BF4B-00C04F79EFBC}") = "SequencesAlignment", "SequencesAlignment\SequencesAlignment.csproj", "{8D9AF24C-2E90-4088-912B-7327149B576A}"
EndProject
Project("{FAE04EC0-301F-11D3-BF4B-00C04F79EFBC}") = "SequencesAlignmentTests", "SequencesAlignmentTests\SequencesAlignmentTests.csproj", "{01E22F0A-1CCB-48EA-84B7-F5D66123F7C7}"
EndProject
Global
	GlobalSection(SolutionConfigurationPlatforms) = preSolution
		Debug|Any CPU = Debug|Any CPU
		Release|Any CPU = Release|Any CPU
	EndGlobalSection
	GlobalSection(ProjectConfigurationPlatforms) = postSolution
		{8D9AF24C-2E90-4088-912B-7327149B576A}.Debug|Any CPU.ActiveCfg = Debug|Any CPU
		{8D9AF24C-2E90-4088-912B-7327149B576A}.Debug|Any CPU.Build.0 = Debug|Any CPU
		{8D9AF24C-2E90-4088-912B-7327149B576A}.Release|Any CPU.ActiveCfg = Release|Any CPU
		{8D9AF24C-2E90-4088-912B-7327149B576A}.Release|Any CPU.Build.0 = Release|Any CPU
		{01E22F0A-1CCB-48EA-84B7-F5D66123F7C7}.Debug|Any CPU.ActiveCfg = Debug|Any CPU
		{01E22F0A-1CCB-48EA-84B7-F5D66123F7C7}.Debug|Any CPU.Build.0 = Debug|Any CPU
		{01E22F0A-1CCB-48EA-84B7-F5D66123F7C7}.Release|Any CPU.ActiveCfg = Release|Any CPU
		{01E22F0A-1CCB-48EA-84B7-F5D66123F7C7}.Release|Any CPU.Build.0 = Release|Any CPU
	EndGlobalSection
	GlobalSection(SolutionProperties) = preSolution
		HideSolutionNode = FALSE
	EndGlobalSection
EndGlobal
